PODS:
  - Alamofire (3.4.1)
  - AppAuth (0.4.0)
  - GoogleMaps (1.13.2)
  - OpenSSL (1.0.208)
  - Protobuf (3.0.0-beta-4)
  - R.swift (2.4.0):
    - R.swift.Library (~> 2.2.0)
  - R.swift.Library (2.2.0)
  - SnapKit (0.15.0)
  - SSKeychain (1.4.0)
  - TOWebViewController (2.2.6):
    - TOWebViewController/Core (= 2.2.6)
  - TOWebViewController/Core (2.2.6)

DEPENDENCIES:
  - Alamofire
  - AppAuth (from `LocalPods/AppAuth/`)
  - GoogleMaps
  - OpenSSL (= 1.0.208)
  - Protobuf (= 3.0.0-beta-4)
  - R.swift
  - SnapKit (~> 0.15.0)
  - SSKeychain
  - TOWebViewController

EXTERNAL SOURCES:
  AppAuth:
    :path: LocalPods/AppAuth/

SPEC CHECKSUMS:
  Alamofire: 01a82e2f6c0f860ade35534c8dd88be61bdef40c
  AppAuth: 7ebdb7f96c1165094d2841512bd31c2b2adcc18f
  GoogleMaps: b20a103ff307f58392e603cf142e59d7e30374c1
  OpenSSL: b187269d386b07452f56af273764ea0636dd5da8
  Protobuf: ec704f0045f7a30e1686fbb3994f43f689a0021b
  R.swift: 0ef9c42dc6c94ac44a3c78a7639c73f855a8e159
  R.swift.Library: 31a487b65381f37a7d203a6f1f935b43c9be35b0
  SnapKit: 4962eed2ee18e48cbd2b2292fffc57efe7235f87
  SSKeychain: c71293fa57216a40ab06c23f4085387583293de4
  TOWebViewController: a29908019f7e0e0f8eccfab8a1ee8dcdf4fc5aac

PODFILE CHECKSUM: 8c72330fce6ee06327d41cb74aa55421173ce086

COCOAPODS: 1.0.1
